
Microsoft Visual Studio Solution File, Format Version 12.00
# Visual Studio 2012
Project("{FAE04EC0-301F-11D3-BF4B-00C04F79EFBC}") = "CsvViewer", "CsvViewer\CsvViewer.csproj", "{EA563FAC-2D4C-4E40-AF4D-E598F10F452C}"
EndProject
Project("{FAE04EC0-301F-11D3-BF4B-00C04F79EFBC}") = "CsvViewer.Tests", "CsvViewer.Tests\CsvViewer.Tests.csproj", "{2D1E0583-BEF2-4E5E-805B-DF0E151FDB6B}"
EndProject
Global
	GlobalSection(SolutionConfigurationPlatforms) = preSolution
		Debug|Any CPU = Debug|Any CPU
		Release|Any CPU = Release|Any CPU
	EndGlobalSection
	GlobalSection(ProjectConfigurationPlatforms) = postSolution
		{EA563FAC-2D4C-4E40-AF4D-E598F10F452C}.Debug|Any CPU.ActiveCfg = Debug|Any CPU
		{EA563FAC-2D4C-4E40-AF4D-E598F10F452C}.Debug|Any CPU.Build.0 = Debug|Any CPU
		{EA563FAC-2D4C-4E40-AF4D-E598F10F452C}.Release|Any CPU.ActiveCfg = Release|Any CPU
		{EA563FAC-2D4C-4E40-AF4D-E598F10F452C}.Release|Any CPU.Build.0 = Release|Any CPU
		{2D1E0583-BEF2-4E5E-805B-DF0E151FDB6B}.Debug|Any CPU.ActiveCfg = Debug|Any CPU
		{2D1E0583-BEF2-4E5E-805B-DF0E151FDB6B}.Debug|Any CPU.Build.0 = Debug|Any CPU
		{2D1E0583-BEF2-4E5E-805B-DF0E151FDB6B}.Release|Any CPU.ActiveCfg = Release|Any CPU
		{2D1E0583-BEF2-4E5E-805B-DF0E151FDB6B}.Release|Any CPU.Build.0 = Release|Any CPU
	EndGlobalSection
	GlobalSection(SolutionProperties) = preSolution
		HideSolutionNode = FALSE
	EndGlobalSection
EndGlobal
